
Microsoft Visual Studio Solution File, Format Version 12.00
# Visual Studio Version 17
VisualStudioVersion = 17.14.36212.18 d17.14
MinimumVisualStudioVersion = 10.0.40219.1
Project("{2150E333-8FDC-42A3-9474-1A3956D46DE8}") = "src", "src", "{6C83A596-D32D-B35F-00DD-F0C99B673980}"
EndProject
Project("{FAE04EC0-301F-11D3-BF4B-00C04F79EFBC}") = "Domain", "Domain\Domain.csproj", "{A1D643AA-3EC4-4DA6-876B-7BA952EF5AD7}"
EndProject
Project("{FAE04EC0-301F-11D3-BF4B-00C04F79EFBC}") = "Application", "Application\Application.csproj", "{B1C1829F-0360-4C31-9E82-DA8A54A6EDF6}"
EndProject
Project("{FAE04EC0-301F-11D3-BF4B-00C04F79EFBC}") = "Infrastructure", "Infrastructure\Infrastructure.csproj", "{F2732B98-6D81-420D-81BF-ED83B6BEFBD4}"
EndProject
Project("{2150E333-8FDC-42A3-9474-1A3956D46DE8}") = "UI", "UI", "{7709DFE3-0F3D-4289-B3D9-D35ED6355910}"
EndProject
Project("{FAE04EC0-301F-11D3-BF4B-00C04F79EFBC}") = "ConsoleUI", "src\UI\ConsoleUI\ConsoleUI.csproj", "{D82010DE-A6A7-4768-A1CA-FB32027264B0}"
EndProject
Project("{FAE04EC0-301F-11D3-BF4B-00C04F79EFBC}") = "WpfUI", "src\UI\WpfUI\WpfUI.csproj", "{3CA1829F-D5F1-4EC1-A254-4A32FB85A631}"
EndProject
Global
	GlobalSection(SolutionConfigurationPlatforms) = preSolution
		Debug|Any CPU = Debug|Any CPU
		Release|Any CPU = Release|Any CPU
	EndGlobalSection
	GlobalSection(ProjectConfigurationPlatforms) = postSolution
		{A1D643AA-3EC4-4DA6-876B-7BA952EF5AD7}.Debug|Any CPU.ActiveCfg = Debug|Any CPU
		{A1D643AA-3EC4-4DA6-876B-7BA952EF5AD7}.Debug|Any CPU.Build.0 = Debug|Any CPU
		{A1D643AA-3EC4-4DA6-876B-7BA952EF5AD7}.Release|Any CPU.ActiveCfg = Release|Any CPU
		{A1D643AA-3EC4-4DA6-876B-7BA952EF5AD7}.Release|Any CPU.Build.0 = Release|Any CPU
		{B1C1829F-0360-4C31-9E82-DA8A54A6EDF6}.Debug|Any CPU.ActiveCfg = Debug|Any CPU
		{B1C1829F-0360-4C31-9E82-DA8A54A6EDF6}.Debug|Any CPU.Build.0 = Debug|Any CPU
		{B1C1829F-0360-4C31-9E82-DA8A54A6EDF6}.Release|Any CPU.ActiveCfg = Release|Any CPU
		{B1C1829F-0360-4C31-9E82-DA8A54A6EDF6}.Release|Any CPU.Build.0 = Release|Any CPU
		{F2732B98-6D81-420D-81BF-ED83B6BEFBD4}.Debug|Any CPU.ActiveCfg = Debug|Any CPU
		{F2732B98-6D81-420D-81BF-ED83B6BEFBD4}.Debug|Any CPU.Build.0 = Debug|Any CPU
		{F2732B98-6D81-420D-81BF-ED83B6BEFBD4}.Release|Any CPU.ActiveCfg = Release|Any CPU
		{F2732B98-6D81-420D-81BF-ED83B6BEFBD4}.Release|Any CPU.Build.0 = Release|Any CPU
		{D82010DE-A6A7-4768-A1CA-FB32027264B0}.Debug|Any CPU.ActiveCfg = Debug|Any CPU
		{D82010DE-A6A7-4768-A1CA-FB32027264B0}.Debug|Any CPU.Build.0 = Debug|Any CPU
		{D82010DE-A6A7-4768-A1CA-FB32027264B0}.Release|Any CPU.ActiveCfg = Release|Any CPU
		{D82010DE-A6A7-4768-A1CA-FB32027264B0}.Release|Any CPU.Build.0 = Release|Any CPU
		{3CA1829F-D5F1-4EC1-A254-4A32FB85A631}.Debug|Any CPU.ActiveCfg = Debug|Any CPU
		{3CA1829F-D5F1-4EC1-A254-4A32FB85A631}.Debug|Any CPU.Build.0 = Debug|Any CPU
		{3CA1829F-D5F1-4EC1-A254-4A32FB85A631}.Release|Any CPU.ActiveCfg = Release|Any CPU
		{3CA1829F-D5F1-4EC1-A254-4A32FB85A631}.Release|Any CPU.Build.0 = Release|Any CPU
	EndGlobalSection
	GlobalSection(SolutionProperties) = preSolution
		HideSolutionNode = FALSE
	EndGlobalSection
	GlobalSection(NestedProjects) = preSolution
		{A1D643AA-3EC4-4DA6-876B-7BA952EF5AD7} = {6C83A596-D32D-B35F-00DD-F0C99B673980}
		{B1C1829F-0360-4C31-9E82-DA8A54A6EDF6} = {6C83A596-D32D-B35F-00DD-F0C99B673980}
		{F2732B98-6D81-420D-81BF-ED83B6BEFBD4} = {6C83A596-D32D-B35F-00DD-F0C99B673980}
		{7709DFE3-0F3D-4289-B3D9-D35ED6355910} = {6C83A596-D32D-B35F-00DD-F0C99B673980}
		{D82010DE-A6A7-4768-A1CA-FB32027264B0} = {7709DFE3-0F3D-4289-B3D9-D35ED6355910}
		{3CA1829F-D5F1-4EC1-A254-4A32FB85A631} = {7709DFE3-0F3D-4289-B3D9-D35ED6355910}
	EndGlobalSection
	GlobalSection(ExtensibilityGlobals) = postSolution
		SolutionGuid = {4EFD1E87-4E29-429E-BF07-6FEC9B3BD3B3}
	EndGlobalSection
EndGlobal
